{
  "name": "text-simplifier",
  "lockfileVersion": 3,
  "requires": true,
  "packages": {
    "": {
      "dependencies": {
        "@huggingface/inference": "^3.1.4"
      }
    },
    "node_modules/@huggingface/inference": {
      "version": "3.1.4",
      "resolved": "https://registry.npmjs.org/@huggingface/inference/-/inference-3.1.4.tgz",
      "integrity": "sha512-ft4v4HwSFWKYw8dvNQbdczS83hbB4tlj/LB/lJlqOiziV7ZHu6i6EAIqAO3i1SN7W7+nRcUXiERVGEZe5NDR0A==",
      "license": "MIT",
      "dependencies": {
        "@huggingface/tasks": "^0.15.4"
      },
      "engines": {
        "node": ">=18"
      }
    },
    "node_modules/@huggingface/tasks": {
      "version": "0.15.4",
      "resolved": "https://registry.npmjs.org/@huggingface/tasks/-/tasks-0.15.4.tgz",
      "integrity": "sha512-zsJaF4T69AdLwPEojYClnfJHrJxIXX8MmbFpJjZu4OcGaRTP42sap4mX1kn5z9536qBwC8a/Cn9NHnNIaSBRmg==",
      "license": "MIT"
    }
  }
}
